// !$*UTF8*$!
{
	archiveVersion = 1;
	classes = {
	};
	objectVersion = 56;
	objects = {

/* Begin PBXBuildFile section */
		DB17E11C2AD7B0BD00C7C5F1 /* AppViewModel.swift in Sources */ = {isa = PBXBuildFile; fileRef = DB17E11B2AD7B0BD00C7C5F1 /* AppViewModel.swift */; };
		DBE2FC502AD7A22500D0329C /* AQindexApp.swift in Sources */ = {isa = PBXBuildFile; fileRef = DBE2FC4F2AD7A22500D0329C /* AQindexApp.swift */; };
		DBE2FC522AD7A22500D0329C /* ContentView.swift in Sources */ = {isa = PBXBuildFile; fileRef = DBE2FC512AD7A22500D0329C /* ContentView.swift */; };
		DBE2FC542AD7A22700D0329C /* Assets.xcassets in Resources */ = {isa = PBXBuildFile; fileRef = DBE2FC532AD7A22700D0329C /* Assets.xcassets */; };
		DBE2FC572AD7A22700D0329C /* Preview Assets.xcassets in Resources */ = {isa = PBXBuildFile; fileRef = DBE2FC562AD7A22700D0329C /* Preview Assets.xcassets */; };
		DBE2FC5F2AD7A46600D0329C /* XCAAQI in Frameworks */ = {isa = PBXBuildFile; productRef = DBE2FC5E2AD7A46600D0329C /* XCAAQI */; };
		DBF1C56D2AD8C51A0011F18F /* CoordinatesFinder.swift in Sources */ = {isa = PBXBuildFile; fileRef = DBF1C56C2AD8C51A0011F18F /* CoordinatesFinder.swift */; };
		DBF1C5712AD9699D0011F18F /* CircleAQIView.swift in Sources */ = {isa = PBXBuildFile; fileRef = DBF1C5702AD9699D0011F18F /* CircleAQIView.swift */; };
/* End PBXBuildFile section */

/* Begin PBXFileReference section */
		DB17E11B2AD7B0BD00C7C5F1 /* AppViewModel.swift */ = {isa = PBXFileReference; lastKnownFileType = sourcecode.swift; path = AppViewModel.swift; sourceTree = "<group>"; };
		DBD509D92ADD4608007DA78E /* Info.plist */ = {isa = PBXFileReference; lastKnownFileType = text.plist; path = Info.plist; sourceTree = "<group>"; };
		DBE2FC4C2AD7A22500D0329C /* AQindex.app */ = {isa = PBXFileReference; explicitFileType = wrapper.application; includeInIndex = 0; path = AQindex.app; sourceTree = BUILT_PRODUCTS_DIR; };
		DBE2FC4F2AD7A22500D0329C /* AQindexApp.swift */ = {isa = PBXFileReference; lastKnownFileType = sourcecode.swift; path = AQindexApp.swift; sourceTree = "<group>"; };
		DBE2FC512AD7A22500D0329C /* ContentView.swift */ = {isa = PBXFileReference; lastKnownFileType = sourcecode.swift; path = ContentView.swift; sourceTree = "<group>"; };
		DBE2FC532AD7A22700D0329C /* Assets.xcassets */ = {isa = PBXFileReference; lastKnownFileType = folder.assetcatalog; path = Assets.xcassets; sourceTree = "<group>"; };
		DBE2FC562AD7A22700D0329C /* Preview Assets.xcassets */ = {isa = PBXFileReference; lastKnownFileType = folder.assetcatalog; path = "Preview Assets.xcassets"; sourceTree = "<group>"; };
		DBF1C56C2AD8C51A0011F18F /* CoordinatesFinder.swift */ = {isa = PBXFileReference; lastKnownFileType = sourcecode.swift; path = CoordinatesFinder.swift; sourceTree = "<group>"; };
		DBF1C5702AD9699D0011F18F /* CircleAQIView.swift */ = {isa = PBXFileReference; lastKnownFileType = sourcecode.swift; path = CircleAQIView.swift; sourceTree = "<group>"; };
/* End PBXFileReference section */

/* Begin PBXFrameworksBuildPhase section */
		DBE2FC492AD7A22500D0329C /* Frameworks */ = {
			isa = PBXFrameworksBuildPhase;
			buildActionMask = 2147483647;
			files = (
				DBE2FC5F2AD7A46600D0329C /* XCAAQI in Frameworks */,
			);
			runOnlyForDeploymentPostprocessing = 0;
		};
/* End PBXFrameworksBuildPhase section */

/* Begin PBXGroup section */
		DBE2FC432AD7A22500D0329C = {
			isa = PBXGroup;
			children = (
				DBE2FC4E2AD7A22500D0329C /* AQindex */,
				DBE2FC4D2AD7A22500D0329C /* Products */,
			);
			sourceTree = "<group>";
		};
		DBE2FC4D2AD7A22500D0329C /* Products */ = {
			isa = PBXGroup;
			children = (
				DBE2FC4C2AD7A22500D0329C /* AQindex.app */,
			);
			name = Products;
			sourceTree = "<group>";
		};
		DBE2FC4E2AD7A22500D0329C /* AQindex */ = {
			isa = PBXGroup;
			children = (
				DBD509D92ADD4608007DA78E /* Info.plist */,
				DBE2FC4F2AD7A22500D0329C /* AQindexApp.swift */,
				DBE2FC512AD7A22500D0329C /* ContentView.swift */,
				DBE2FC532AD7A22700D0329C /* Assets.xcassets */,
				DBE2FC552AD7A22700D0329C /* Preview Content */,
				DB17E11B2AD7B0BD00C7C5F1 /* AppViewModel.swift */,
				DBF1C56C2AD8C51A0011F18F /* CoordinatesFinder.swift */,
				DBF1C5702AD9699D0011F18F /* CircleAQIView.swift */,
			);
			path = AQindex;
			sourceTree = "<group>";
		};
		DBE2FC552AD7A22700D0329C /* Preview Content */ = {
			isa = PBXGroup;
			children = (
				DBE2FC562AD7A22700D0329C /* Preview Assets.xcassets */,
			);
			path = "Preview Content";
			sourceTree = "<group>";
		};
/* End PBXGroup section */

/* Begin PBXNativeTarget section */
		DBE2FC4B2AD7A22500D0329C /* AQindex */ = {
			isa = PBXNativeTarget;
			buildConfigurationList = DBE2FC5A2AD7A22700D0329C /* Build configuration list for PBXNativeTarget "AQindex" */;
			buildPhases = (
				DBE2FC482AD7A22500D0329C /* Sources */,
				DBE2FC492AD7A22500D0329C /* Frameworks */,
				DBE2FC4A2AD7A22500D0329C /* Resources */,
			);
			buildRules = (
			);
			dependencies = (
			);
			name = AQindex;
			packageProductDependencies = (
				DBE2FC5E2AD7A46600D0329C /* XCAAQI */,
			);
			productName = AQindex;
			productReference = DBE2FC4C2AD7A22500D0329C /* AQindex.app */;
			productType = "com.apple.product-type.application";
		};
/* End PBXNativeTarget section */

/* Begin PBXProject section */
		DBE2FC442AD7A22500D0329C /* Project object */ = {
			isa = PBXProject;
			attributes = {
				BuildIndependentTargetsInParallel = 1;
				LastSwiftUpdateCheck = 1500;
				LastUpgradeCheck = 1500;
				TargetAttributes = {
					DBE2FC4B2AD7A22500D0329C = {
						CreatedOnToolsVersion = 15.0;
					};
				};
			};
			buildConfigurationList = DBE2FC472AD7A22500D0329C /* Build configuration list for PBXProject "AQindex" */;
			compatibilityVersion = "Xcode 14.0";
			developmentRegion = en;
			hasScannedForEncodings = 0;
			knownRegions = (
				en,
				Base,
			);
			mainGroup = DBE2FC432AD7A22500D0329C;
			packageReferences = (
				DBE2FC5D2AD7A46600D0329C /* XCRemoteSwiftPackageReference "XCAAQI" */,
			);
			productRefGroup = DBE2FC4D2AD7A22500D0329C /* Products */;
			projectDirPath = "";
			projectRoot = "";
			targets = (
				DBE2FC4B2AD7A22500D0329C /* AQindex */,
			);
		};
/* End PBXProject section */

/* Begin PBXResourcesBuildPhase section */
		DBE2FC4A2AD7A22500D0329C /* Resources */ = {
			isa = PBXResourcesBuildPhase;
			buildActionMask = 2147483647;
			files = (
				DBE2FC572AD7A22700D0329C /* Preview Assets.xcassets in Resources */,
				DBE2FC542AD7A22700D0329C /* Assets.xcassets in Resources */,
			);
			runOnlyForDeploymentPostprocessing = 0;
		};
/* End PBXResourcesBuildPhase section */

/* Begin PBXSourcesBuildPhase section */
		DBE2FC482AD7A22500D0329C /* Sources */ = {
			isa = PBXSourcesBuildPhase;
			buildActionMask = 2147483647;
			files = (
				DBE2FC522AD7A22500D0329C /* ContentView.swift in Sources */,
				DBF1C56D2AD8C51A0011F18F /* CoordinatesFinder.swift in Sources */,
				DBE2FC502AD7A22500D0329C /* AQindexApp.swift in Sources */,
				DB17E11C2AD7B0BD00C7C5F1 /* AppViewModel.swift in Sources */,
				DBF1C5712AD9699D0011F18F /* CircleAQIView.swift in Sources */,
			);
			runOnlyForDeploymentPostprocessing = 0;
		};
/* End PBXSourcesBuildPhase section */

/* Begin XCBuildConfiguration section */
		DBE2FC582AD7A22700D0329C /* Debug */ = {
			isa = XCBuildConfiguration;
			buildSettings = {
				ALWAYS_SEARCH_USER_PATHS = NO;
				ASSETCATALOG_COMPILER_GENERATE_SWIFT_ASSET_SYMBOL_EXTENSIONS = YES;
				CLANG_ANALYZER_NONNULL = YES;
				CLANG_ANALYZER_NUMBER_OBJECT_CONVERSION = YES_AGGRESSIVE;
				CLANG_CXX_LANGUAGE_STANDARD = "gnu++20";
				CLANG_ENABLE_MODULES = YES;
				CLANG_ENABLE_OBJC_ARC = YES;
				CLANG_ENABLE_OBJC_WEAK = YES;
				CLANG_WARN_BLOCK_CAPTURE_AUTORELEASING = YES;
				CLANG_WARN_BOOL_CONVERSION = YES;
				CLANG_WARN_COMMA = YES;
				CLANG_WARN_CONSTANT_CONVERSION = YES;
				CLANG_WARN_DEPRECATED_OBJC_IMPLEMENTATIONS = YES;
				CLANG_WARN_DIRECT_OBJC_ISA_USAGE = YES_ERROR;
				CLANG_WARN_DOCUMENTATION_COMMENTS = YES;
				CLANG_WARN_EMPTY_BODY = YES;
				CLANG_WARN_ENUM_CONVERSION = YES;
				CLANG_WARN_INFINITE_RECURSION = YES;
				CLANG_WARN_INT_CONVERSION = YES;
				CLANG_WARN_NON_LITERAL_NULL_CONVERSION = YES;
				CLANG_WARN_OBJC_IMPLICIT_RETAIN_SELF = YES;
				CLANG_WARN_OBJC_LITERAL_CONVERSION = YES;
				CLANG_WARN_OBJC_ROOT_CLASS = YES_ERROR;
				CLANG_WARN_QUOTED_INCLUDE_IN_FRAMEWORK_HEADER = YES;
				CLANG_WARN_RANGE_LOOP_ANALYSIS = YES;
				CLANG_WARN_STRICT_PROTOTYPES = YES;
				CLANG_WARN_SUSPICIOUS_MOVE = YES;
				CLANG_WARN_UNGUARDED_AVAILABILITY = YES_AGGRESSIVE;
				CLANG_WARN_UNREACHABLE_CODE = YES;
				CLANG_WARN__DUPLICATE_METHOD_MATCH = YES;
				COPY_PHASE_STRIP = NO;
				DEBUG_INFORMATION_FORMAT = dwarf;
				ENABLE_STRICT_OBJC_MSGSEND = YES;
				ENABLE_TESTABILITY = YES;
				ENABLE_USER_SCRIPT_SANDBOXING = YES;
				GCC_C_LANGUAGE_STANDARD = gnu17;
				GCC_DYNAMIC_NO_PIC = NO;
				GCC_NO_COMMON_BLOCKS = YES;
				GCC_OPTIMIZATION_LEVEL = 0;
				GCC_PREPROCESSOR_DEFINITIONS = (
					"DEBUG=1",
					"$(inherited)",
				);
				GCC_WARN_64_TO_32_BIT_CONVERSION = YES;
				GCC_WARN_ABOUT_RETURN_TYPE = YES_ERROR;
				GCC_WARN_UNDECLARED_SELECTOR = YES;
				GCC_WARN_UNINITIALIZED_AUTOS = YES_AGGRESSIVE;
				GCC_WARN_UNUSED_FUNCTION = YES;
				GCC_WARN_UNUSED_VARIABLE = YES;
				IPHONEOS_DEPLOYMENT_TARGET = 17.0;
				LOCALIZATION_PREFERS_STRING_CATALOGS = YES;
				MTL_ENABLE_DEBUG_INFO = INCLUDE_SOURCE;
				MTL_FAST_MATH = YES;
				ONLY_ACTIVE_ARCH = YES;
				SDKROOT = iphoneos;
				SWIFT_ACTIVE_COMPILATION_CONDITIONS = "DEBUG $(inherited)";
				SWIFT_OPTIMIZATION_LEVEL = "-Onone";
			};
			name = Debug;
		};
		DBE2FC592AD7A22700D0329C /* Release */ = {
			isa = XCBuildConfiguration;
			buildSettings = {
				ALWAYS_SEARCH_USER_PATHS = NO;
				ASSETCATALOG_COMPILER_GENERATE_SWIFT_ASSET_SYMBOL_EXTENSIONS = YES;
				CLANG_ANALYZER_NONNULL = YES;
				CLANG_ANALYZER_NUMBER_OBJECT_CONVERSION = YES_AGGRESSIVE;
				CLANG_CXX_LANGUAGE_STANDARD = "gnu++20";
				CLANG_ENABLE_MODULES = YES;
				CLANG_ENABLE_OBJC_ARC = YES;
				CLANG_ENABLE_OBJC_WEAK = YES;
				CLANG_WARN_BLOCK_CAPTURE_AUTORELEASING = YES;
				CLANG_WARN_BOOL_CONVERSION = YES;
				CLANG_WARN_COMMA = YES;
				CLANG_WARN_CONSTANT_CONVERSION = YES;
				CLANG_WARN_DEPRECATED_OBJC_IMPLEMENTATIONS = YES;
				CLANG_WARN_DIRECT_OBJC_ISA_USAGE = YES_ERROR;
				CLANG_WARN_DOCUMENTATION_COMMENTS = YES;
				CLANG_WARN_EMPTY_BODY = YES;
				CLANG_WARN_ENUM_CONVERSION = YES;
				CLANG_WARN_INFINITE_RECURSION = YES;
				CLANG_WARN_INT_CONVERSION = YES;
				CLANG_WARN_NON_LITERAL_NULL_CONVERSION = YES;
				CLANG_WARN_OBJC_IMPLICIT_RETAIN_SELF = YES;
				CLANG_WARN_OBJC_LITERAL_CONVERSION = YES;
				CLANG_WARN_OBJC_ROOT_CLASS = YES_ERROR;
				CLANG_WARN_QUOTED_INCLUDE_IN_FRAMEWORK_HEADER = YES;
				CLANG_WARN_RANGE_LOOP_ANALYSIS = YES;
				CLANG_WARN_STRICT_PROTOTYPES = YES;
				CLANG_WARN_SUSPICIOUS_MOVE = YES;
				CLANG_WARN_UNGUARDED_AVAILABILITY = YES_AGGRESSIVE;
				CLANG_WARN_UNREACHABLE_CODE = YES;
				CLANG_WARN__DUPLICATE_METHOD_MATCH = YES;
				COPY_PHASE_STRIP = NO;
				DEBUG_INFORMATION_FORMAT = "dwarf-with-dsym";
				ENABLE_NS_ASSERTIONS = NO;
				ENABLE_STRICT_OBJC_MSGSEND = YES;
				ENABLE_USER_SCRIPT_SANDBOXING = YES;
				GCC_C_LANGUAGE_STANDARD = gnu17;
				GCC_NO_COMMON_BLOCKS = YES;
				GCC_WARN_64_TO_32_BIT_CONVERSION = YES;
				GCC_WARN_ABOUT_RETURN_TYPE = YES_ERROR;
				GCC_WARN_UNDECLARED_SELECTOR = YES;
				GCC_WARN_UNINITIALIZED_AUTOS = YES_AGGRESSIVE;
				GCC_WARN_UNUSED_FUNCTION = YES;
				GCC_WARN_UNUSED_VARIABLE = YES;
				IPHONEOS_DEPLOYMENT_TARGET = 17.0;
				LOCALIZATION_PREFERS_STRING_CATALOGS = YES;
				MTL_ENABLE_DEBUG_INFO = NO;
				MTL_FAST_MATH = YES;
				SDKROOT = iphoneos;
				SWIFT_COMPILATION_MODE = wholemodule;
				VALIDATE_PRODUCT = YES;
			};
			name = Release;
		};
		DBE2FC5B2AD7A22700D0329C /* Debug */ = {
			isa = XCBuildConfiguration;
			buildSettings = {
				ASSETCATALOG_COMPILER_APPICON_NAME = AppIcon;
				ASSETCATALOG_COMPILER_GLOBAL_ACCENT_COLOR_NAME = AccentColor;
				CODE_SIGN_STYLE = Automatic;
				CURRENT_PROJECT_VERSION = 1;
				DEVELOPMENT_ASSET_PATHS = "\"AQindex/Preview Content\"";
				DEVELOPMENT_TEAM = LHG395YCPD;
				ENABLE_PREVIEWS = YES;
				GENERATE_INFOPLIST_FILE = YES;
				INFOPLIST_FILE = AQindex/Info.plist;
				INFOPLIST_KEY_NSLocationAlwaysAndWhenInUseUsageDescription = "The app want to show AQ conditions your location";
				INFOPLIST_KEY_UIApplicationSceneManifest_Generation = YES;
				INFOPLIST_KEY_UIApplicationSupportsIndirectInputEvents = YES;
				INFOPLIST_KEY_UILaunchScreen_Generation = YES;
				INFOPLIST_KEY_UISupportedInterfaceOrientations_iPad = "UIInterfaceOrientationPortrait UIInterfaceOrientationPortraitUpsideDown UIInterfaceOrientationLandscapeLeft UIInterfaceOrientationLandscapeRight";
				INFOPLIST_KEY_UISupportedInterfaceOrientations_iPhone = "UIInterfaceOrientationPortrait UIInterfaceOrientationLandscapeLeft UIInterfaceOrientationLandscapeRight";
				LD_RUNPATH_SEARCH_PATHS = (
					"$(inherited)",
					"@executable_path/Frameworks",
				);
				MARKETING_VERSION = 1.0;
				PRODUCT_BUNDLE_IDENTIFIER = com.AQindex;
				PRODUCT_NAME = "$(TARGET_NAME)";
				SWIFT_EMIT_LOC_STRINGS = YES;
				SWIFT_VERSION = 5.0;
				TARGETED_DEVICE_FAMILY = "1,2";
			};
			name = Debug;
		};
		DBE2FC5C2AD7A22700D0329C /* Release */ = {
			isa = XCBuildConfiguration;
			buildSettings = {
				ASSETCATALOG_COMPILER_APPICON_NAME = AppIcon;
				ASSETCATALOG_COMPILER_GLOBAL_ACCENT_COLOR_NAME = AccentColor;
				CODE_SIGN_STYLE = Automatic;
				CURRENT_PROJECT_VERSION = 1;
				DEVELOPMENT_ASSET_PATHS = "\"AQindex/Preview Content\"";
				DEVELOPMENT_TEAM = LHG395YCPD;
				ENABLE_PREVIEWS = YES;
				GENERATE_INFOPLIST_FILE = YES;
				INFOPLIST_FILE = AQindex/Info.plist;
				INFOPLIST_KEY_NSLocationAlwaysAndWhenInUseUsageDescription = "The app want to show AQ conditions your location";
				INFOPLIST_KEY_UIApplicationSceneManifest_Generation = YES;
				INFOPLIST_KEY_UIApplicationSupportsIndirectInputEvents = YES;
				INFOPLIST_KEY_UILaunchScreen_Generation = YES;
				INFOPLIST_KEY_UISupportedInterfaceOrientations_iPad = "UIInterfaceOrientationPortrait UIInterfaceOrientationPortraitUpsideDown UIInterfaceOrientationLandscapeLeft UIInterfaceOrientationLandscapeRight";
				INFOPLIST_KEY_UISupportedInterfaceOrientations_iPhone = "UIInterfaceOrientationPortrait UIInterfaceOrientationLandscapeLeft UIInterfaceOrientationLandscapeRight";
				LD_RUNPATH_SEARCH_PATHS = (
					"$(inherited)",
					"@executable_path/Frameworks",
				);
				MARKETING_VERSION = 1.0;
				PRODUCT_BUNDLE_IDENTIFIER = com.AQindex;
				PRODUCT_NAME = "$(TARGET_NAME)";
				SWIFT_EMIT_LOC_STRINGS = YES;
				SWIFT_VERSION = 5.0;
				TARGETED_DEVICE_FAMILY = "1,2";
			};
			name = Release;
		};
/* End XCBuildConfiguration section */

/* Begin XCConfigurationList section */
		DBE2FC472AD7A22500D0329C /* Build configuration list for PBXProject "AQindex" */ = {
			isa = XCConfigurationList;
			buildConfigurations = (
				DBE2FC582AD7A22700D0329C /* Debug */,
				DBE2FC592AD7A22700D0329C /* Release */,
			);
			defaultConfigurationIsVisible = 0;
			defaultConfigurationName = Release;
		};
		DBE2FC5A2AD7A22700D0329C /* Build configuration list for PBXNativeTarget "AQindex" */ = {
			isa = XCConfigurationList;
			buildConfigurations = (
				DBE2FC5B2AD7A22700D0329C /* Debug */,
				DBE2FC5C2AD7A22700D0329C /* Release */,
			);
			defaultConfigurationIsVisible = 0;
			defaultConfigurationName = Release;
		};
/* End XCConfigurationList section */

/* Begin XCRemoteSwiftPackageReference section */
		DBE2FC5D2AD7A46600D0329C /* XCRemoteSwiftPackageReference "XCAAQI" */ = {
			isa = XCRemoteSwiftPackageReference;
			repositoryURL = "https://github.com/alfianlosari/XCAAQI.git";
			requirement = {
				branch = main;
				kind = branch;
			};
		};
/* End XCRemoteSwiftPackageReference section */

/* Begin XCSwiftPackageProductDependency section */
		DBE2FC5E2AD7A46600D0329C /* XCAAQI */ = {
			isa = XCSwiftPackageProductDependency;
			package = DBE2FC5D2AD7A46600D0329C /* XCRemoteSwiftPackageReference "XCAAQI" */;
			productName = XCAAQI;
		};
/* End XCSwiftPackageProductDependency section */
	};
	rootObject = DBE2FC442AD7A22500D0329C /* Project object */;
}
